{
  "nodes": {
    "nixpkgs": {
      "locked": {
        "lastModified": 1789546076,
        "narHash": "sha256-zVxLZiSnmaaPLwnhj7pwmqe3axBg/C6nG5JZsJMh2g4=",
        "owner": "NixOS",
        "repo": "nixpkgs",
        "rev": "b1b875982b17dabde9b4a37f3e229e74913e6db3",
        "type": "github"
      },
      "original": {
        "owner": "NixOS",
        "ref": "nixos-unstable",
        "repo": "nixpkgs",
        "type": "github"
      }
    },
    "nixpkgsDarwin": {
      "locked": {
        "lastModified": 1789485310,
        "narHash": "sha256-VsDMTLSkAAJmbNha6sGNzlF33X7RESWLl3SnjDQu+4U=",
        "owner": "NixOS",
        "repo": "nixpkgs",
        "rev": "0c32f40fe3e2a9adfc427fd5abc061a31043ea44",
        "type": "github"
      },
      "original": {
        "owner": "NixOS",
        "ref": "nixpkgs-26.05-darwin",
        "repo": "nixpkgs",
        "type": "github"
      }
    },
    "root": {
      "inputs": {
        "nixpkgs": "nixpkgs",
        "nixpkgsDarwin": "nixpkgsDarwin",
        "rust-overlay": "rust-overlay"
      }
    },
    "rust-overlay": {
      "locked": {
        "lastModified": 1789889921,
        "narHash": "sha256-aL/ogiN7qZCGeNovS1f9hX73jwYIKb4Pcq6AZm57WtY=",
        "owner": "oxalica",
        "repo": "rust-overlay",
        "rev": "1fb104a12a8667045559b2575d6d448ae2fbd99b",
        "type": "github"
      },
      "original": {
        "owner": "oxalica",
        "repo": "rust-overlay",
        "type": "github"
      },
      "flake": false
    }
  },
  "root": "root",
  "version": 7
}
